
Microsoft Visual Studio Solution File, Format Version 12.00
# Visual Studio Version 17
VisualStudioVersion = 17.5.33516.290
MinimumVisualStudioVersion = 10.0.40219.1
Project("{FAE04EC0-301F-11D3-BF4B-00C04F79EFBC}") = "ForumlarArasıGeçiş", "ForumlarArasıGeçiş.csproj", "{29F0DEEF-A547-407D-84BB-AE2FA80E9657}"
EndProject
Global
	GlobalSection(SolutionConfigurationPlatforms) = preSolution
		Debug|Any CPU = Debug|Any CPU
		Release|Any CPU = Release|Any CPU
	EndGlobalSection
	GlobalSection(ProjectConfigurationPlatforms) = postSolution
		{29F0DEEF-A547-407D-84BB-AE2FA80E9657}.Debug|Any CPU.ActiveCfg = Debug|Any CPU
		{29F0DEEF-A547-407D-84BB-AE2FA80E9657}.Debug|Any CPU.Build.0 = Debug|Any CPU
		{29F0DEEF-A547-407D-84BB-AE2FA80E9657}.Release|Any CPU.ActiveCfg = Release|Any CPU
		{29F0DEEF-A547-407D-84BB-AE2FA80E9657}.Release|Any CPU.Build.0 = Release|Any CPU
	EndGlobalSection
	GlobalSection(SolutionProperties) = preSolution
		HideSolutionNode = FALSE
	EndGlobalSection
	GlobalSection(ExtensibilityGlobals) = postSolution
		SolutionGuid = {36290614-DFC8-454D-B631-AFEA6816D2A8}
	EndGlobalSection
EndGlobal
